
Microsoft Visual Studio Solution File, Format Version 12.00
# Visual Studio 15
VisualStudioVersion = 15.0.27130.2010
MinimumVisualStudioVersion = 10.0.40219.1
Project("{FAE04EC0-301F-11D3-BF4B-00C04F79EFBC}") = "RTThread.USB", "RTThread.USB\RTThread.USB.csproj", "{C7447394-C7B9-4ED3-8E06-427AF980F263}"
EndProject
Project("{FAE04EC0-301F-11D3-BF4B-00C04F79EFBC}") = "WinUSBTest", "WinUSBTest\WinUSBTest.csproj", "{A36F9217-EE73-41A9-8C46-433F85F1FAC8}"
EndProject
Global
	GlobalSection(SolutionConfigurationPlatforms) = preSolution
		Debug|Any CPU = Debug|Any CPU
		Release|Any CPU = Release|Any CPU
	EndGlobalSection
	GlobalSection(ProjectConfigurationPlatforms) = postSolution
		{C7447394-C7B9-4ED3-8E06-427AF980F263}.Debug|Any CPU.ActiveCfg = Debug|Any CPU
		{C7447394-C7B9-4ED3-8E06-427AF980F263}.Debug|Any CPU.Build.0 = Debug|Any CPU
		{C7447394-C7B9-4ED3-8E06-427AF980F263}.Release|Any CPU.ActiveCfg = Release|Any CPU
		{C7447394-C7B9-4ED3-8E06-427AF980F263}.Release|Any CPU.Build.0 = Release|Any CPU
		{A36F9217-EE73-41A9-8C46-433F85F1FAC8}.Debug|Any CPU.ActiveCfg = Debug|Any CPU
		{A36F9217-EE73-41A9-8C46-433F85F1FAC8}.Debug|Any CPU.Build.0 = Debug|Any CPU
		{A36F9217-EE73-41A9-8C46-433F85F1FAC8}.Release|Any CPU.ActiveCfg = Release|Any CPU
		{A36F9217-EE73-41A9-8C46-433F85F1FAC8}.Release|Any CPU.Build.0 = Release|Any CPU
	EndGlobalSection
	GlobalSection(SolutionProperties) = preSolution
		HideSolutionNode = FALSE
	EndGlobalSection
	GlobalSection(ExtensibilityGlobals) = postSolution
		SolutionGuid = {D731BC13-2512-4727-84F8-698C0EBE8A23}
	EndGlobalSection
EndGlobal
